
Microsoft Visual Studio Solution File, Format Version 12.00
# Visual Studio Version 16
VisualStudioVersion = 16.0.31313.79
MinimumVisualStudioVersion = 10.0.40219.1
Project("{FAE04EC0-301F-11D3-BF4B-00C04F79EFBC}") = "Ejercicio22Version02", "Ejercicio22Version02\Ejercicio22Version02.csproj", "{2290CA7C-B858-494A-8999-77615AAB83AD}"
EndProject
Global
	GlobalSection(SolutionConfigurationPlatforms) = preSolution
		Debug|Any CPU = Debug|Any CPU
		Release|Any CPU = Release|Any CPU
	EndGlobalSection
	GlobalSection(ProjectConfigurationPlatforms) = postSolution
		{2290CA7C-B858-494A-8999-77615AAB83AD}.Debug|Any CPU.ActiveCfg = Debug|Any CPU
		{2290CA7C-B858-494A-8999-77615AAB83AD}.Debug|Any CPU.Build.0 = Debug|Any CPU
		{2290CA7C-B858-494A-8999-77615AAB83AD}.Release|Any CPU.ActiveCfg = Release|Any CPU
		{2290CA7C-B858-494A-8999-77615AAB83AD}.Release|Any CPU.Build.0 = Release|Any CPU
	EndGlobalSection
	GlobalSection(SolutionProperties) = preSolution
		HideSolutionNode = FALSE
	EndGlobalSection
	GlobalSection(ExtensibilityGlobals) = postSolution
		SolutionGuid = {FC6CA387-2180-403F-B337-66C1B6D9A0A8}
	EndGlobalSection
EndGlobal
